{
  "nodes": {
    "blame-me-nvim": {
      "flake": false,
      "locked": {
        "lastModified": 1707783960,
        "narHash": "sha256-nUkbtxqvuJPBgQajjxhoVLsI/zWexIH1A8eecNxBFyI=",
        "owner": "hougesen",
        "repo": "blame-me.nvim",
        "rev": "e62ce3a5013f6a02d28eccbfc007e0abb456d53c",
        "type": "github"
      },
      "original": {
        "owner": "hougesen",
        "repo": "blame-me.nvim",
        "type": "github"
      }
    },
    "cmake-gtest-nvim": {
      "flake": false,
      "locked": {
        "lastModified": 1709236634,
        "narHash": "sha256-nW8GaC3UFsM0Wl59KIIrM9paSNIWcAhyM4YbwiztE0Q=",
        "owner": "hfn92",
        "repo": "cmake-gtest.nvim",
        "rev": "872379aab0e6d0dfe40da4cd810ab61d78c3ec70",
        "type": "github"
      },
      "original": {
        "owner": "hfn92",
        "repo": "cmake-gtest.nvim",
        "type": "github"
      }
    },
    "cmake-tools-nvim": {
      "flake": false,
      "locked": {
        "lastModified": 1710847017,
        "narHash": "sha256-6A78j0CGDpoRcFWAlzviUB92kAemt9Dlzic1DvZNJ64=",
        "owner": "Civitasv",
        "repo": "cmake-tools.nvim",
        "rev": "a4cd0b3a2c8a166a54b36bc00579954426748959",
        "type": "github"
      },
      "original": {
        "owner": "Civitasv",
        "repo": "cmake-tools.nvim",
        "type": "github"
      }
    },
    "flake-utils": {
      "inputs": {
        "systems": "systems"
      },
      "locked": {
        "lastModified": 1701680307,
        "narHash": "sha256-kAuep2h5ajznlPMD9rnQyffWG8EM/C73lejGofXvdM8=",
        "owner": "numtide",
        "repo": "flake-utils",
        "rev": "4022d587cbbfd70fe950c1e2083a02621806a725",
        "type": "github"
      },
      "original": {
        "owner": "numtide",
        "repo": "flake-utils",
        "type": "github"
      }
    },
    "home-manager": {
      "inputs": {
        "nixpkgs": [
          "nixpkgs"
        ]
      },
      "locked": {
        "lastModified": 1712212014,
        "narHash": "sha256-s+lbaf3nLRn1++/X2eXwY9mYCA/m9l8AvyG8beeOaXE=",
        "owner": "nix-community",
        "repo": "home-manager",
        "rev": "7e91f2a0ba4b62b88591279d54f741a13e36245b",
        "type": "github"
      },
      "original": {
        "owner": "nix-community",
        "repo": "home-manager",
        "type": "github"
      }
    },
    "huez-nvim": {
      "flake": false,
      "locked": {
        "lastModified": 1712138810,
        "narHash": "sha256-Ky+jPltxIZ/mve5LdCM3FTNowTkS0zEwi+12XZ3B2O4=",
        "owner": "vague2k",
        "repo": "huez.nvim",
        "rev": "99b8765d502793ba366c779c6892f00430b6c5e8",
        "type": "github"
      },
      "original": {
        "owner": "vague2k",
        "repo": "huez.nvim",
        "type": "github"
      }
    },
    "neovim-nightly": {
      "inputs": {
        "flake-utils": "flake-utils",
        "nixpkgs": [
          "nixpkgs"
        ]
      },
      "locked": {
        "dir": "contrib",
        "lastModified": 1712229011,
        "narHash": "sha256-uwyANFP2YY/h90YPW9GCdgbv6MhcU91ajQ5U7rkVpto=",
        "owner": "neovim",
        "repo": "neovim",
        "rev": "e016f5bee6293d126fde9e8d75a3f02f882e2c81",
        "type": "github"
      },
      "original": {
        "dir": "contrib",
        "owner": "neovim",
        "repo": "neovim",
        "type": "github"
      }
    },
    "nixpkgs": {
      "locked": {
        "lastModified": 1712163089,
        "narHash": "sha256-Um+8kTIrC19vD4/lUCN9/cU9kcOsD1O1m+axJqQPyMM=",
        "owner": "NixOS",
        "repo": "nixpkgs",
        "rev": "fd281bd6b7d3e32ddfa399853946f782553163b5",
        "type": "github"
      },
      "original": {
        "id": "nixpkgs",
        "ref": "nixos-unstable",
        "type": "indirect"
      }
    },
    "plugin-onedark": {
      "flake": false,
      "locked": {
        "lastModified": 1706527208,
        "narHash": "sha256-1+aO8vrUGEe/NIVI1C1xJyuQVPQZ1s510lopkEVP7No=",
        "owner": "navarasu",
        "repo": "onedark.nvim",
        "rev": "1230aaf2a427b2c5b73aba6e4a9a5881d3e69429",
        "type": "github"
      },
      "original": {
        "owner": "navarasu",
        "repo": "onedark.nvim",
        "type": "github"
      }
    },
    "root": {
      "inputs": {
        "blame-me-nvim": "blame-me-nvim",
        "cmake-gtest-nvim": "cmake-gtest-nvim",
        "cmake-tools-nvim": "cmake-tools-nvim",
        "home-manager": "home-manager",
        "huez-nvim": "huez-nvim",
        "neovim-nightly": "neovim-nightly",
        "nixpkgs": "nixpkgs",
        "plugin-onedark": "plugin-onedark"
      }
    },
    "systems": {
      "locked": {
        "lastModified": 1681028828,
        "narHash": "sha256-Vy1rq5AaRuLzOxct8nz4T6wlgyUR7zLU309k9mBC768=",
        "owner": "nix-systems",
        "repo": "default",
        "rev": "da67096a3b9bf56a91d16901293e51ba5b49a27e",
        "type": "github"
      },
      "original": {
        "owner": "nix-systems",
        "repo": "default",
        "type": "github"
      }
    }
  },
  "root": "root",
  "version": 7
}
